{
  "originHash" : "a860f9189c3139e2fa382263d6ea65b989bbf128b188e1d1c1e2987b0ec9fe0b",
  "pins" : [
    {
      "identity" : "swiftj2k",
      "kind" : "remoteSourceControl",
      "location" : "https://github.com/raster-labs/SwiftJ2K.git",
      "state" : {
        "revision" : "be4e7a3ad352759e7a78a90f6a2e2c3b7aa0f748"
      }
    }
  ],
  "version" : 3
}
